
Microsoft Visual Studio Solution File, Format Version 12.00
# Visual Studio Version 16
VisualStudioVersion = 16.0.34601.136
MinimumVisualStudioVersion = 10.0.40219.1
Project("{8BC9CEB8-8B4A-11D0-8D11-00A0C91BC942}") = "Zork", "Zork\Zork.vcxproj", "{9D3B361B-7E17-4794-AA0B-55BE9AE32FBB}"
EndProject
Project("{54435603-DBB4-11D2-8724-00A0C9A8B90C}") = "ApocalypseZorkSetup", "ApocalypseZorkSetup\ApocalypseZorkSetup.vdproj", "{20BCDBCB-77D0-4257-82C5-5D06AA49BEBB}"
EndProject
Global
	GlobalSection(SolutionConfigurationPlatforms) = preSolution
		Debug|x64 = Debug|x64
		Debug|x86 = Debug|x86
		Release|x64 = Release|x64
		Release|x86 = Release|x86
	EndGlobalSection
	GlobalSection(ProjectConfigurationPlatforms) = postSolution
		{9D3B361B-7E17-4794-AA0B-55BE9AE32FBB}.Debug|x64.ActiveCfg = Debug|x64
		{9D3B361B-7E17-4794-AA0B-55BE9AE32FBB}.Debug|x64.Build.0 = Debug|x64
		{9D3B361B-7E17-4794-AA0B-55BE9AE32FBB}.Debug|x86.ActiveCfg = Debug|Win32
		{9D3B361B-7E17-4794-AA0B-55BE9AE32FBB}.Debug|x86.Build.0 = Debug|Win32
		{9D3B361B-7E17-4794-AA0B-55BE9AE32FBB}.Release|x64.ActiveCfg = Release|x64
		{9D3B361B-7E17-4794-AA0B-55BE9AE32FBB}.Release|x64.Build.0 = Release|x64
		{9D3B361B-7E17-4794-AA0B-55BE9AE32FBB}.Release|x86.ActiveCfg = Release|Win32
		{9D3B361B-7E17-4794-AA0B-55BE9AE32FBB}.Release|x86.Build.0 = Release|Win32
		{20BCDBCB-77D0-4257-82C5-5D06AA49BEBB}.Debug|x64.ActiveCfg = Debug
		{20BCDBCB-77D0-4257-82C5-5D06AA49BEBB}.Debug|x86.ActiveCfg = Debug
		{20BCDBCB-77D0-4257-82C5-5D06AA49BEBB}.Release|x64.ActiveCfg = Release
		{20BCDBCB-77D0-4257-82C5-5D06AA49BEBB}.Release|x86.ActiveCfg = Release
	EndGlobalSection
	GlobalSection(SolutionProperties) = preSolution
		HideSolutionNode = FALSE
	EndGlobalSection
	GlobalSection(ExtensibilityGlobals) = postSolution
		SolutionGuid = {A6FA8A8F-E7EB-4981-993E-5BCCE3315D8B}
	EndGlobalSection
EndGlobal
